// !$*UTF8*$!
{
	archiveVersion = 1;
	classes = {
	};
	objectVersion = 46;
	objects = {

/* Begin PBXBuildFile section */
		F06147031AF0F98B007F36EA /* AppDelegate.swift in Sources */ = {isa = PBXBuildFile; fileRef = F06147021AF0F98B007F36EA /* AppDelegate.swift */; };
		F06147061AF0F98B007F36EA /* CoreDataTest.xcdatamodeld in Sources */ = {isa = PBXBuildFile; fileRef = F06147041AF0F98B007F36EA /* CoreDataTest.xcdatamodeld */; };
		F06147081AF0F98B007F36EA /* ViewController.swift in Sources */ = {isa = PBXBuildFile; fileRef = F06147071AF0F98B007F36EA /* ViewController.swift */; };
		F061470B1AF0F98B007F36EA /* Main.storyboard in Resources */ = {isa = PBXBuildFile; fileRef = F06147091AF0F98B007F36EA /* Main.storyboard */; };
		F061470D1AF0F98B007F36EA /* Images.xcassets in Resources */ = {isa = PBXBuildFile; fileRef = F061470C1AF0F98B007F36EA /* Images.xcassets */; };
		F06147101AF0F98B007F36EA /* LaunchScreen.xib in Resources */ = {isa = PBXBuildFile; fileRef = F061470E1AF0F98B007F36EA /* LaunchScreen.xib */; };
		F061471C1AF0F98C007F36EA /* CoreDataTestTests.swift in Sources */ = {isa = PBXBuildFile; fileRef = F061471B1AF0F98C007F36EA /* CoreDataTestTests.swift */; };
/* End PBXBuildFile section */

/* Begin PBXContainerItemProxy section */
		F06147161AF0F98C007F36EA /* PBXContainerItemProxy */ = {
			isa = PBXContainerItemProxy;
			containerPortal = F06146F51AF0F98B007F36EA /* Project object */;
			proxyType = 1;
			remoteGlobalIDString = F06146FC1AF0F98B007F36EA;
			remoteInfo = CoreDataTest;
		};
/* End PBXContainerItemProxy section */

/* Begin PBXFileReference section */
		F06146FD1AF0F98B007F36EA /* CoreDataTest.app */ = {isa = PBXFileReference; explicitFileType = wrapper.application; includeInIndex = 0; path = CoreDataTest.app; sourceTree = BUILT_PRODUCTS_DIR; };
		F06147011AF0F98B007F36EA /* Info.plist */ = {isa = PBXFileReference; lastKnownFileType = text.plist.xml; path = Info.plist; sourceTree = "<group>"; };
		F06147021AF0F98B007F36EA /* AppDelegate.swift */ = {isa = PBXFileReference; lastKnownFileType = sourcecode.swift; path = AppDelegate.swift; sourceTree = "<group>"; };
		F06147051AF0F98B007F36EA /* CoreDataTest.xcdatamodel */ = {isa = PBXFileReference; lastKnownFileType = wrapper.xcdatamodel; path = CoreDataTest.xcdatamodel; sourceTree = "<group>"; };
		F06147071AF0F98B007F36EA /* ViewController.swift */ = {isa = PBXFileReference; lastKnownFileType = sourcecode.swift; path = ViewController.swift; sourceTree = "<group>"; };
		F061470A1AF0F98B007F36EA /* Base */ = {isa = PBXFileReference; lastKnownFileType = file.storyboard; name = Base; path = Base.lproj/Main.storyboard; sourceTree = "<group>"; };
		F061470C1AF0F98B007F36EA /* Images.xcassets */ = {isa = PBXFileReference; lastKnownFileType = folder.assetcatalog; path = Images.xcassets; sourceTree = "<group>"; };
		F061470F1AF0F98B007F36EA /* Base */ = {isa = PBXFileReference; lastKnownFileType = file.xib; name = Base; path = Base.lproj/LaunchScreen.xib; sourceTree = "<group>"; };
		F06147151AF0F98C007F36EA /* CoreDataTestTests.xctest */ = {isa = PBXFileReference; explicitFileType = wrapper.cfbundle; includeInIndex = 0; path = CoreDataTestTests.xctest; sourceTree = BUILT_PRODUCTS_DIR; };
		F061471A1AF0F98C007F36EA /* Info.plist */ = {isa = PBXFileReference; lastKnownFileType = text.plist.xml; path = Info.plist; sourceTree = "<group>"; };
		F061471B1AF0F98C007F36EA /* CoreDataTestTests.swift */ = {isa = PBXFileReference; lastKnownFileType = sourcecode.swift; path = CoreDataTestTests.swift; sourceTree = "<group>"; };
/* End PBXFileReference section */

/* Begin PBXFrameworksBuildPhase section */
		F06146FA1AF0F98B007F36EA /* Frameworks */ = {
			isa = PBXFrameworksBuildPhase;
			buildActionMask = 2147483647;
			files = (
			);
			runOnlyForDeploymentPostprocessing = 0;
		};
		F06147121AF0F98C007F36EA /* Frameworks */ = {
			isa = PBXFrameworksBuildPhase;
			buildActionMask = 2147483647;
			files = (
			);
			runOnlyForDeploymentPostprocessing = 0;
		};
/* End PBXFrameworksBuildPhase section */

/* Begin PBXGroup section */
		F06146F41AF0F98B007F36EA = {
			isa = PBXGroup;
			children = (
				F06146FF1AF0F98B007F36EA /* CoreDataTest */,
				F06147181AF0F98C007F36EA /* CoreDataTestTests */,
				F06146FE1AF0F98B007F36EA /* Products */,
			);
			sourceTree = "<group>";
		};
		F06146FE1AF0F98B007F36EA /* Products */ = {
			isa = PBXGroup;
			children = (
				F06146FD1AF0F98B007F36EA /* CoreDataTest.app */,
				F06147151AF0F98C007F36EA /* CoreDataTestTests.xctest */,
			);
			name = Products;
			sourceTree = "<group>";
		};
		F06146FF1AF0F98B007F36EA /* CoreDataTest */ = {
			isa = PBXGroup;
			children = (
				F06147021AF0F98B007F36EA /* AppDelegate.swift */,
				F06147071AF0F98B007F36EA /* ViewController.swift */,
				F06147091AF0F98B007F36EA /* Main.storyboard */,
				F061470C1AF0F98B007F36EA /* Images.xcassets */,
				F061470E1AF0F98B007F36EA /* LaunchScreen.xib */,
				F06147041AF0F98B007F36EA /* CoreDataTest.xcdatamodeld */,
				F06147001AF0F98B007F36EA /* Supporting Files */,
			);
			path = CoreDataTest;
			sourceTree = "<group>";
		};
		F06147001AF0F98B007F36EA /* Supporting Files */ = {
			isa = PBXGroup;
			children = (
				F06147011AF0F98B007F36EA /* Info.plist */,
			);
			name = "Supporting Files";
			sourceTree = "<group>";
		};
		F06147181AF0F98C007F36EA /* CoreDataTestTests */ = {
			isa = PBXGroup;
			children = (
				F061471B1AF0F98C007F36EA /* CoreDataTestTests.swift */,
				F06147191AF0F98C007F36EA /* Supporting Files */,
			);
			path = CoreDataTestTests;
			sourceTree = "<group>";
		};
		F06147191AF0F98C007F36EA /* Supporting Files */ = {
			isa = PBXGroup;
			children = (
				F061471A1AF0F98C007F36EA /* Info.plist */,
			);
			name = "Supporting Files";
			sourceTree = "<group>";
		};
/* End PBXGroup section */

/* Begin PBXNativeTarget section */
		F06146FC1AF0F98B007F36EA /* CoreDataTest */ = {
			isa = PBXNativeTarget;
			buildConfigurationList = F061471F1AF0F98C007F36EA /* Build configuration list for PBXNativeTarget "CoreDataTest" */;
			buildPhases = (
				F06146F91AF0F98B007F36EA /* Sources */,
				F06146FA1AF0F98B007F36EA /* Frameworks */,
				F06146FB1AF0F98B007F36EA /* Resources */,
			);
			buildRules = (
			);
			dependencies = (
			);
			name = CoreDataTest;
			productName = CoreDataTest;
			productReference = F06146FD1AF0F98B007F36EA /* CoreDataTest.app */;
			productType = "com.apple.product-type.application";
		};
		F06147141AF0F98C007F36EA /* CoreDataTestTests */ = {
			isa = PBXNativeTarget;
			buildConfigurationList = F06147221AF0F98C007F36EA /* Build configuration list for PBXNativeTarget "CoreDataTestTests" */;
			buildPhases = (
				F06147111AF0F98C007F36EA /* Sources */,
				F06147121AF0F98C007F36EA /* Frameworks */,
				F06147131AF0F98C007F36EA /* Resources */,
			);
			buildRules = (
			);
			dependencies = (
				F06147171AF0F98C007F36EA /* PBXTargetDependency */,
			);
			name = CoreDataTestTests;
			productName = CoreDataTestTests;
			productReference = F06147151AF0F98C007F36EA /* CoreDataTestTests.xctest */;
			productType = "com.apple.product-type.bundle.unit-test";
		};
/* End PBXNativeTarget section */

/* Begin PBXProject section */
		F06146F51AF0F98B007F36EA /* Project object */ = {
			isa = PBXProject;
			attributes = {
				LastUpgradeCheck = 0630;
				ORGANIZATIONNAME = "Margaret Johnson";
				TargetAttributes = {
					F06146FC1AF0F98B007F36EA = {
						CreatedOnToolsVersion = 6.3.1;
					};
					F06147141AF0F98C007F36EA = {
						CreatedOnToolsVersion = 6.3.1;
						TestTargetID = F06146FC1AF0F98B007F36EA;
					};
				};
			};
			buildConfigurationList = F06146F81AF0F98B007F36EA /* Build configuration list for PBXProject "CoreDataTest" */;
			compatibilityVersion = "Xcode 3.2";
			developmentRegion = English;
			hasScannedForEncodings = 0;
			knownRegions = (
				en,
				Base,
			);
			mainGroup = F06146F41AF0F98B007F36EA;
			productRefGroup = F06146FE1AF0F98B007F36EA /* Products */;
			projectDirPath = "";
			projectRoot = "";
			targets = (
				F06146FC1AF0F98B007F36EA /* CoreDataTest */,
				F06147141AF0F98C007F36EA /* CoreDataTestTests */,
			);
		};
/* End PBXProject section */

/* Begin PBXResourcesBuildPhase section */
		F06146FB1AF0F98B007F36EA /* Resources */ = {
			isa = PBXResourcesBuildPhase;
			buildActionMask = 2147483647;
			files = (
				F061470B1AF0F98B007F36EA /* Main.storyboard in Resources */,
				F06147101AF0F98B007F36EA /* LaunchScreen.xib in Resources */,
				F061470D1AF0F98B007F36EA /* Images.xcassets in Resources */,
			);
			runOnlyForDeploymentPostprocessing = 0;
		};
		F06147131AF0F98C007F36EA /* Resources */ = {
			isa = PBXResourcesBuildPhase;
			buildActionMask = 2147483647;
			files = (
			);
			runOnlyForDeploymentPostprocessing = 0;
		};
/* End PBXResourcesBuildPhase section */

/* Begin PBXSourcesBuildPhase section */
		F06146F91AF0F98B007F36EA /* Sources */ = {
			isa = PBXSourcesBuildPhase;
			buildActionMask = 2147483647;
			files = (
				F06147081AF0F98B007F36EA /* ViewController.swift in Sources */,
				F06147061AF0F98B007F36EA /* CoreDataTest.xcdatamodeld in Sources */,
				F06147031AF0F98B007F36EA /* AppDelegate.swift in Sources */,
			);
			runOnlyForDeploymentPostprocessing = 0;
		};
		F06147111AF0F98C007F36EA /* Sources */ = {
			isa = PBXSourcesBuildPhase;
			buildActionMask = 2147483647;
			files = (
				F061471C1AF0F98C007F36EA /* CoreDataTestTests.swift in Sources */,
			);
			runOnlyForDeploymentPostprocessing = 0;
		};
/* End PBXSourcesBuildPhase section */

/* Begin PBXTargetDependency section */
		F06147171AF0F98C007F36EA /* PBXTargetDependency */ = {
			isa = PBXTargetDependency;
			target = F06146FC1AF0F98B007F36EA /* CoreDataTest */;
			targetProxy = F06147161AF0F98C007F36EA /* PBXContainerItemProxy */;
		};
/* End PBXTargetDependency section */

/* Begin PBXVariantGroup section */
		F06147091AF0F98B007F36EA /* Main.storyboard */ = {
			isa = PBXVariantGroup;
			children = (
				F061470A1AF0F98B007F36EA /* Base */,
			);
			name = Main.storyboard;
			sourceTree = "<group>";
		};
		F061470E1AF0F98B007F36EA /* LaunchScreen.xib */ = {
			isa = PBXVariantGroup;
			children = (
				F061470F1AF0F98B007F36EA /* Base */,
			);
			name = LaunchScreen.xib;
			sourceTree = "<group>";
		};
/* End PBXVariantGroup section */

/* Begin XCBuildConfiguration section */
		F061471D1AF0F98C007F36EA /* Debug */ = {
			isa = XCBuildConfiguration;
			buildSettings = {
				ALWAYS_SEARCH_USER_PATHS = NO;
				CLANG_CXX_LANGUAGE_STANDARD = "gnu++0x";
				CLANG_CXX_LIBRARY = "libc++";
				CLANG_ENABLE_MODULES = YES;
				CLANG_ENABLE_OBJC_ARC = YES;
				CLANG_WARN_BOOL_CONVERSION = YES;
				CLANG_WARN_CONSTANT_CONVERSION = YES;
				CLANG_WARN_DIRECT_OBJC_ISA_USAGE = YES_ERROR;
				CLANG_WARN_EMPTY_BODY = YES;
				CLANG_WARN_ENUM_CONVERSION = YES;
				CLANG_WARN_INT_CONVERSION = YES;
				CLANG_WARN_OBJC_ROOT_CLASS = YES_ERROR;
				CLANG_WARN_UNREACHABLE_CODE = YES;
				CLANG_WARN__DUPLICATE_METHOD_MATCH = YES;
				"CODE_SIGN_IDENTITY[sdk=iphoneos*]" = "iPhone Developer";
				COPY_PHASE_STRIP = NO;
				DEBUG_INFORMATION_FORMAT = "dwarf-with-dsym";
				ENABLE_STRICT_OBJC_MSGSEND = YES;
				GCC_C_LANGUAGE_STANDARD = gnu99;
				GCC_DYNAMIC_NO_PIC = NO;
				GCC_NO_COMMON_BLOCKS = YES;
				GCC_OPTIMIZATION_LEVEL = 0;
				GCC_PREPROCESSOR_DEFINITIONS = (
					"DEBUG=1",
					"$(inherited)",
				);
				GCC_SYMBOLS_PRIVATE_EXTERN = NO;
				GCC_WARN_64_TO_32_BIT_CONVERSION = YES;
				GCC_WARN_ABOUT_RETURN_TYPE = YES_ERROR;
				GCC_WARN_UNDECLARED_SELECTOR = YES;
				GCC_WARN_UNINITIALIZED_AUTOS = YES_AGGRESSIVE;
				GCC_WARN_UNUSED_FUNCTION = YES;
				GCC_WARN_UNUSED_VARIABLE = YES;
				IPHONEOS_DEPLOYMENT_TARGET = 8.3;
				MTL_ENABLE_DEBUG_INFO = YES;
				ONLY_ACTIVE_ARCH = YES;
				SDKROOT = iphoneos;
				SWIFT_OPTIMIZATION_LEVEL = "-Onone";
			};
			name = Debug;
		};
		F061471E1AF0F98C007F36EA /* Release */ = {
			isa = XCBuildConfiguration;
			buildSettings = {
				ALWAYS_SEARCH_USER_PATHS = NO;
				CLANG_CXX_LANGUAGE_STANDARD = "gnu++0x";
				CLANG_CXX_LIBRARY = "libc++";
				CLANG_ENABLE_MODULES = YES;
				CLANG_ENABLE_OBJC_ARC = YES;
				CLANG_WARN_BOOL_CONVERSION = YES;
				CLANG_WARN_CONSTANT_CONVERSION = YES;
				CLANG_WARN_DIRECT_OBJC_ISA_USAGE = YES_ERROR;
				CLANG_WARN_EMPTY_BODY = YES;
				CLANG_WARN_ENUM_CONVERSION = YES;
				CLANG_WARN_INT_CONVERSION = YES;
				CLANG_WARN_OBJC_ROOT_CLASS = YES_ERROR;
				CLANG_WARN_UNREACHABLE_CODE = YES;
				CLANG_WARN__DUPLICATE_METHOD_MATCH = YES;
				"CODE_SIGN_IDENTITY[sdk=iphoneos*]" = "iPhone Developer";
				COPY_PHASE_STRIP = NO;
				DEBUG_INFORMATION_FORMAT = "dwarf-with-dsym";
				ENABLE_NS_ASSERTIONS = NO;
				ENABLE_STRICT_OBJC_MSGSEND = YES;
				GCC_C_LANGUAGE_STANDARD = gnu99;
				GCC_NO_COMMON_BLOCKS = YES;
				GCC_WARN_64_TO_32_BIT_CONVERSION = YES;
				GCC_WARN_ABOUT_RETURN_TYPE = YES_ERROR;
				GCC_WARN_UNDECLARED_SELECTOR = YES;
				GCC_WARN_UNINITIALIZED_AUTOS = YES_AGGRESSIVE;
				GCC_WARN_UNUSED_FUNCTION = YES;
				GCC_WARN_UNUSED_VARIABLE = YES;
				IPHONEOS_DEPLOYMENT_TARGET = 8.3;
				MTL_ENABLE_DEBUG_INFO = NO;
				SDKROOT = iphoneos;
				VALIDATE_PRODUCT = YES;
			};
			name = Release;
		};
		F06147201AF0F98C007F36EA /* Debug */ = {
			isa = XCBuildConfiguration;
			buildSettings = {
				ASSETCATALOG_COMPILER_APPICON_NAME = AppIcon;
				INFOPLIST_FILE = CoreDataTest/Info.plist;
				LD_RUNPATH_SEARCH_PATHS = "$(inherited) @executable_path/Frameworks";
				PRODUCT_NAME = "$(TARGET_NAME)";
			};
			name = Debug;
		};
		F06147211AF0F98C007F36EA /* Release */ = {
			isa = XCBuildConfiguration;
			buildSettings = {
				ASSETCATALOG_COMPILER_APPICON_NAME = AppIcon;
				INFOPLIST_FILE = CoreDataTest/Info.plist;
				LD_RUNPATH_SEARCH_PATHS = "$(inherited) @executable_path/Frameworks";
				PRODUCT_NAME = "$(TARGET_NAME)";
			};
			name = Release;
		};
		F06147231AF0F98C007F36EA /* Debug */ = {
			isa = XCBuildConfiguration;
			buildSettings = {
				BUNDLE_LOADER = "$(TEST_HOST)";
				FRAMEWORK_SEARCH_PATHS = (
					"$(SDKROOT)/Developer/Library/Frameworks",
					"$(inherited)",
				);
				GCC_PREPROCESSOR_DEFINITIONS = (
					"DEBUG=1",
					"$(inherited)",
				);
				INFOPLIST_FILE = CoreDataTestTests/Info.plist;
				LD_RUNPATH_SEARCH_PATHS = "$(inherited) @executable_path/Frameworks @loader_path/Frameworks";
				PRODUCT_NAME = "$(TARGET_NAME)";
				TEST_HOST = "$(BUILT_PRODUCTS_DIR)/CoreDataTest.app/CoreDataTest";
			};
			name = Debug;
		};
		F06147241AF0F98C007F36EA /* Release */ = {
			isa = XCBuildConfiguration;
			buildSettings = {
				BUNDLE_LOADER = "$(TEST_HOST)";
				FRAMEWORK_SEARCH_PATHS = (
					"$(SDKROOT)/Developer/Library/Frameworks",
					"$(inherited)",
				);
				INFOPLIST_FILE = CoreDataTestTests/Info.plist;
				LD_RUNPATH_SEARCH_PATHS = "$(inherited) @executable_path/Frameworks @loader_path/Frameworks";
				PRODUCT_NAME = "$(TARGET_NAME)";
				TEST_HOST = "$(BUILT_PRODUCTS_DIR)/CoreDataTest.app/CoreDataTest";
			};
			name = Release;
		};
/* End XCBuildConfiguration section */

/* Begin XCConfigurationList section */
		F06146F81AF0F98B007F36EA /* Build configuration list for PBXProject "CoreDataTest" */ = {
			isa = XCConfigurationList;
			buildConfigurations = (
				F061471D1AF0F98C007F36EA /* Debug */,
				F061471E1AF0F98C007F36EA /* Release */,
			);
			defaultConfigurationIsVisible = 0;
			defaultConfigurationName = Release;
		};
		F061471F1AF0F98C007F36EA /* Build configuration list for PBXNativeTarget "CoreDataTest" */ = {
			isa = XCConfigurationList;
			buildConfigurations = (
				F06147201AF0F98C007F36EA /* Debug */,
				F06147211AF0F98C007F36EA /* Release */,
			);
			defaultConfigurationIsVisible = 0;
		};
		F06147221AF0F98C007F36EA /* Build configuration list for PBXNativeTarget "CoreDataTestTests" */ = {
			isa = XCConfigurationList;
			buildConfigurations = (
				F06147231AF0F98C007F36EA /* Debug */,
				F06147241AF0F98C007F36EA /* Release */,
			);
			defaultConfigurationIsVisible = 0;
		};
/* End XCConfigurationList section */

/* Begin XCVersionGroup section */
		F06147041AF0F98B007F36EA /* CoreDataTest.xcdatamodeld */ = {
			isa = XCVersionGroup;
			children = (
				F06147051AF0F98B007F36EA /* CoreDataTest.xcdatamodel */,
			);
			currentVersion = F06147051AF0F98B007F36EA /* CoreDataTest.xcdatamodel */;
			path = CoreDataTest.xcdatamodeld;
			sourceTree = "<group>";
			versionGroupType = wrapper.xcdatamodel;
		};
/* End XCVersionGroup section */
	};
	rootObject = F06146F51AF0F98B007F36EA /* Project object */;
}
